
Microsoft Visual Studio Solution File, Format Version 12.00
# Visual Studio 2013
VisualStudioVersion = 12.0.30723.0
MinimumVisualStudioVersion = 10.0.40219.1
Project("{FAE04EC0-301F-11D3-BF4B-00C04F79EFBC}") = "BabelFish", "BabelFish\BabelFish.csproj", "{47492F8A-CA17-4D0E-B0E6-880F950EEBF7}"
	ProjectSection(ProjectDependencies) = postProject
		{B008E046-01EE-4647-A945-7EE7D1C906C4} = {B008E046-01EE-4647-A945-7EE7D1C906C4}
		{98DC924D-910C-4494-88E9-C5F2F6E90549} = {98DC924D-910C-4494-88E9-C5F2F6E90549}
		{0DF31350-4E7E-42E3-BA0A-E06F6333A550} = {0DF31350-4E7E-42E3-BA0A-E06F6333A550}
	EndProjectSection
EndProject
Project("{FAE04EC0-301F-11D3-BF4B-00C04F79EFBC}") = "BabelUsb", "BabelUsb\BabelUsb.csproj", "{FA0ACA3F-5892-4457-9C67-54D5E01F3AEF}"
	ProjectSection(ProjectDependencies) = postProject
		{29EEA01A-3FBC-45F3-9F21-F18223A7CC26} = {29EEA01A-3FBC-45F3-9F21-F18223A7CC26}
		{B008E046-01EE-4647-A945-7EE7D1C906C4} = {B008E046-01EE-4647-A945-7EE7D1C906C4}
		{98DC924D-910C-4494-88E9-C5F2F6E90549} = {98DC924D-910C-4494-88E9-C5F2F6E90549}
		{0DF31350-4E7E-42E3-BA0A-E06F6333A550} = {0DF31350-4E7E-42E3-BA0A-E06F6333A550}
		{47492F8A-CA17-4D0E-B0E6-880F950EEBF7} = {47492F8A-CA17-4D0E-B0E6-880F950EEBF7}
	EndProjectSection
EndProject
Project("{FAE04EC0-301F-11D3-BF4B-00C04F79EFBC}") = "BabelCom", "BabelCom\BabelCom.csproj", "{E6BB23D4-115B-4199-AE31-C57D2FBEC4BB}"
	ProjectSection(ProjectDependencies) = postProject
		{29EEA01A-3FBC-45F3-9F21-F18223A7CC26} = {29EEA01A-3FBC-45F3-9F21-F18223A7CC26}
		{B008E046-01EE-4647-A945-7EE7D1C906C4} = {B008E046-01EE-4647-A945-7EE7D1C906C4}
		{98DC924D-910C-4494-88E9-C5F2F6E90549} = {98DC924D-910C-4494-88E9-C5F2F6E90549}
		{0DF31350-4E7E-42E3-BA0A-E06F6333A550} = {0DF31350-4E7E-42E3-BA0A-E06F6333A550}
		{47492F8A-CA17-4D0E-B0E6-880F950EEBF7} = {47492F8A-CA17-4D0E-B0E6-880F950EEBF7}
	EndProjectSection
EndProject
Project("{FAE04EC0-301F-11D3-BF4B-00C04F79EFBC}") = "BabelXLink", "BabelXLink\BabelXLink.csproj", "{29EEA01A-3FBC-45F3-9F21-F18223A7CC26}"
	ProjectSection(ProjectDependencies) = postProject
		{B008E046-01EE-4647-A945-7EE7D1C906C4} = {B008E046-01EE-4647-A945-7EE7D1C906C4}
		{98DC924D-910C-4494-88E9-C5F2F6E90549} = {98DC924D-910C-4494-88E9-C5F2F6E90549}
		{0DF31350-4E7E-42E3-BA0A-E06F6333A550} = {0DF31350-4E7E-42E3-BA0A-E06F6333A550}
		{47492F8A-CA17-4D0E-B0E6-880F950EEBF7} = {47492F8A-CA17-4D0E-B0E6-880F950EEBF7}
	EndProjectSection
EndProject
Project("{8BC9CEB8-8B4A-11D0-8D11-00A0C91BC942}") = "BabelLima", "BabelLima\Lima.vcxproj", "{98DC924D-910C-4494-88E9-C5F2F6E90549}"
EndProject
Project("{FAE04EC0-301F-11D3-BF4B-00C04F79EFBC}") = "BabelCore", "BabelCore\BabelCore.csproj", "{B008E046-01EE-4647-A945-7EE7D1C906C4}"
	ProjectSection(ProjectDependencies) = postProject
		{98DC924D-910C-4494-88E9-C5F2F6E90549} = {98DC924D-910C-4494-88E9-C5F2F6E90549}
		{0DF31350-4E7E-42E3-BA0A-E06F6333A550} = {0DF31350-4E7E-42E3-BA0A-E06F6333A550}
	EndProjectSection
EndProject
Project("{FAE04EC0-301F-11D3-BF4B-00C04F79EFBC}") = "BabelResources", "BabelResources\BabelResources.csproj", "{0DF31350-4E7E-42E3-BA0A-E06F6333A550}"
EndProject
Project("{8BC9CEB8-8B4A-11D0-8D11-00A0C91BC942}") = "BabelLicenseTool", "BabelLicenseTool\BabelLicenseTool.vcxproj", "{F6DA6B31-A210-4039-BD9F-9FFD5BB046ED}"
EndProject
Project("{FAE04EC0-301F-11D3-BF4B-00C04F79EFBC}") = "BabelDesigner", "BabelDesigner\BabelDesigner.csproj", "{58AB1F5C-C942-4D70-BDBA-D79A63A009E4}"
EndProject
Project("{FAE04EC0-301F-11D3-BF4B-00C04F79EFBC}") = "RawProtocol", "RawProtocol\RawProtocol.csproj", "{CD89654D-02BC-4039-8FA2-627E70B98913}"
EndProject
Project("{FAE04EC0-301F-11D3-BF4B-00C04F79EFBC}") = "BabelProtocol", "BabelProtocol\BabelProtocol.csproj", "{57182A86-37BD-4757-8BDC-A93A5C8AF3C3}"
EndProject
Project("{FAE04EC0-301F-11D3-BF4B-00C04F79EFBC}") = "BabelRecorder", "BabelRecorder\BabelRecorder.csproj", "{BF8EC0E7-401D-45DE-B51A-FACDD1EE3DA3}"
	ProjectSection(ProjectDependencies) = postProject
		{29EEA01A-3FBC-45F3-9F21-F18223A7CC26} = {29EEA01A-3FBC-45F3-9F21-F18223A7CC26}
		{FA0ACA3F-5892-4457-9C67-54D5E01F3AEF} = {FA0ACA3F-5892-4457-9C67-54D5E01F3AEF}
		{57182A86-37BD-4757-8BDC-A93A5C8AF3C3} = {57182A86-37BD-4757-8BDC-A93A5C8AF3C3}
	EndProjectSection
EndProject
Global
	GlobalSection(SolutionConfigurationPlatforms) = preSolution
		Debug|Any CPU = Debug|Any CPU
		Debug|Mixed Platforms = Debug|Mixed Platforms
		Debug|Win32 = Debug|Win32
		Debug|x86 = Debug|x86
		Lite86|Any CPU = Lite86|Any CPU
		Lite86|Mixed Platforms = Lite86|Mixed Platforms
		Lite86|Win32 = Lite86|Win32
		Lite86|x86 = Lite86|x86
		Release|Any CPU = Release|Any CPU
		Release|Mixed Platforms = Release|Mixed Platforms
		Release|Win32 = Release|Win32
		Release|x86 = Release|x86
	EndGlobalSection
	GlobalSection(ProjectConfigurationPlatforms) = postSolution
		{47492F8A-CA17-4D0E-B0E6-880F950EEBF7}.Debug|Any CPU.ActiveCfg = Debug|Any CPU
		{47492F8A-CA17-4D0E-B0E6-880F950EEBF7}.Debug|Mixed Platforms.ActiveCfg = Debug|Any CPU
		{47492F8A-CA17-4D0E-B0E6-880F950EEBF7}.Debug|Mixed Platforms.Build.0 = Debug|Any CPU
		{47492F8A-CA17-4D0E-B0E6-880F950EEBF7}.Debug|Win32.ActiveCfg = Debug|Any CPU
		{47492F8A-CA17-4D0E-B0E6-880F950EEBF7}.Debug|x86.ActiveCfg = Debug|x86
		{47492F8A-CA17-4D0E-B0E6-880F950EEBF7}.Debug|x86.Build.0 = Debug|x86
		{47492F8A-CA17-4D0E-B0E6-880F950EEBF7}.Lite86|Any CPU.ActiveCfg = Lite86|Any CPU
		{47492F8A-CA17-4D0E-B0E6-880F950EEBF7}.Lite86|Any CPU.Build.0 = Lite86|Any CPU
		{47492F8A-CA17-4D0E-B0E6-880F950EEBF7}.Lite86|Mixed Platforms.ActiveCfg = Lite86|x86
		{47492F8A-CA17-4D0E-B0E6-880F950EEBF7}.Lite86|Mixed Platforms.Build.0 = Lite86|x86
		{47492F8A-CA17-4D0E-B0E6-880F950EEBF7}.Lite86|Win32.ActiveCfg = Lite86|x86
		{47492F8A-CA17-4D0E-B0E6-880F950EEBF7}.Lite86|Win32.Build.0 = Lite86|x86
		{47492F8A-CA17-4D0E-B0E6-880F950EEBF7}.Lite86|x86.ActiveCfg = Lite86|x86
		{47492F8A-CA17-4D0E-B0E6-880F950EEBF7}.Lite86|x86.Build.0 = Lite86|x86
		{47492F8A-CA17-4D0E-B0E6-880F950EEBF7}.Release|Any CPU.ActiveCfg = Release|Any CPU
		{47492F8A-CA17-4D0E-B0E6-880F950EEBF7}.Release|Mixed Platforms.ActiveCfg = Release|Any CPU
		{47492F8A-CA17-4D0E-B0E6-880F950EEBF7}.Release|Mixed Platforms.Build.0 = Release|Any CPU
		{47492F8A-CA17-4D0E-B0E6-880F950EEBF7}.Release|Win32.ActiveCfg = Release|x86
		{47492F8A-CA17-4D0E-B0E6-880F950EEBF7}.Release|x86.ActiveCfg = Release|x86
		{FA0ACA3F-5892-4457-9C67-54D5E01F3AEF}.Debug|Any CPU.ActiveCfg = Debug|Any CPU
		{FA0ACA3F-5892-4457-9C67-54D5E01F3AEF}.Debug|Mixed Platforms.ActiveCfg = Debug|Any CPU
		{FA0ACA3F-5892-4457-9C67-54D5E01F3AEF}.Debug|Mixed Platforms.Build.0 = Debug|Any CPU
		{FA0ACA3F-5892-4457-9C67-54D5E01F3AEF}.Debug|Win32.ActiveCfg = Debug|Any CPU
		{FA0ACA3F-5892-4457-9C67-54D5E01F3AEF}.Debug|x86.ActiveCfg = Debug|x86
		{FA0ACA3F-5892-4457-9C67-54D5E01F3AEF}.Debug|x86.Build.0 = Debug|x86
		{FA0ACA3F-5892-4457-9C67-54D5E01F3AEF}.Lite86|Any CPU.ActiveCfg = Lite86|Any CPU
		{FA0ACA3F-5892-4457-9C67-54D5E01F3AEF}.Lite86|Any CPU.Build.0 = Lite86|Any CPU
		{FA0ACA3F-5892-4457-9C67-54D5E01F3AEF}.Lite86|Mixed Platforms.ActiveCfg = Lite86|x86
		{FA0ACA3F-5892-4457-9C67-54D5E01F3AEF}.Lite86|Mixed Platforms.Build.0 = Lite86|x86
		{FA0ACA3F-5892-4457-9C67-54D5E01F3AEF}.Lite86|Win32.ActiveCfg = Lite86|x86
		{FA0ACA3F-5892-4457-9C67-54D5E01F3AEF}.Lite86|Win32.Build.0 = Lite86|x86
		{FA0ACA3F-5892-4457-9C67-54D5E01F3AEF}.Lite86|x86.ActiveCfg = Lite86|x86
		{FA0ACA3F-5892-4457-9C67-54D5E01F3AEF}.Lite86|x86.Build.0 = Lite86|x86
		{FA0ACA3F-5892-4457-9C67-54D5E01F3AEF}.Release|Any CPU.ActiveCfg = Release|Any CPU
		{FA0ACA3F-5892-4457-9C67-54D5E01F3AEF}.Release|Mixed Platforms.ActiveCfg = Release|Any CPU
		{FA0ACA3F-5892-4457-9C67-54D5E01F3AEF}.Release|Mixed Platforms.Build.0 = Release|Any CPU
		{FA0ACA3F-5892-4457-9C67-54D5E01F3AEF}.Release|Win32.ActiveCfg = Release|x86
		{FA0ACA3F-5892-4457-9C67-54D5E01F3AEF}.Release|x86.ActiveCfg = Release|x86
		{E6BB23D4-115B-4199-AE31-C57D2FBEC4BB}.Debug|Any CPU.ActiveCfg = Debug|Any CPU
		{E6BB23D4-115B-4199-AE31-C57D2FBEC4BB}.Debug|Mixed Platforms.ActiveCfg = Debug|Any CPU
		{E6BB23D4-115B-4199-AE31-C57D2FBEC4BB}.Debug|Mixed Platforms.Build.0 = Debug|Any CPU
		{E6BB23D4-115B-4199-AE31-C57D2FBEC4BB}.Debug|Win32.ActiveCfg = Debug|Any CPU
		{E6BB23D4-115B-4199-AE31-C57D2FBEC4BB}.Debug|x86.ActiveCfg = Debug|x86
		{E6BB23D4-115B-4199-AE31-C57D2FBEC4BB}.Debug|x86.Build.0 = Debug|x86
		{E6BB23D4-115B-4199-AE31-C57D2FBEC4BB}.Lite86|Any CPU.ActiveCfg = Lite86|Any CPU
		{E6BB23D4-115B-4199-AE31-C57D2FBEC4BB}.Lite86|Any CPU.Build.0 = Lite86|Any CPU
		{E6BB23D4-115B-4199-AE31-C57D2FBEC4BB}.Lite86|Mixed Platforms.ActiveCfg = Lite86|x86
		{E6BB23D4-115B-4199-AE31-C57D2FBEC4BB}.Lite86|Mixed Platforms.Build.0 = Lite86|x86
		{E6BB23D4-115B-4199-AE31-C57D2FBEC4BB}.Lite86|Win32.ActiveCfg = Lite86|x86
		{E6BB23D4-115B-4199-AE31-C57D2FBEC4BB}.Lite86|Win32.Build.0 = Lite86|x86
		{E6BB23D4-115B-4199-AE31-C57D2FBEC4BB}.Lite86|x86.ActiveCfg = Lite86|x86
		{E6BB23D4-115B-4199-AE31-C57D2FBEC4BB}.Lite86|x86.Build.0 = Lite86|x86
		{E6BB23D4-115B-4199-AE31-C57D2FBEC4BB}.Release|Any CPU.ActiveCfg = Release|Any CPU
		{E6BB23D4-115B-4199-AE31-C57D2FBEC4BB}.Release|Mixed Platforms.ActiveCfg = Release|Any CPU
		{E6BB23D4-115B-4199-AE31-C57D2FBEC4BB}.Release|Mixed Platforms.Build.0 = Release|Any CPU
		{E6BB23D4-115B-4199-AE31-C57D2FBEC4BB}.Release|Mixed Platforms.Deploy.0 = Release|Any CPU
		{E6BB23D4-115B-4199-AE31-C57D2FBEC4BB}.Release|Win32.ActiveCfg = Release|x86
		{E6BB23D4-115B-4199-AE31-C57D2FBEC4BB}.Release|x86.ActiveCfg = Release|x86
		{29EEA01A-3FBC-45F3-9F21-F18223A7CC26}.Debug|Any CPU.ActiveCfg = Debug|Any CPU
		{29EEA01A-3FBC-45F3-9F21-F18223A7CC26}.Debug|Mixed Platforms.ActiveCfg = Debug|Any CPU
		{29EEA01A-3FBC-45F3-9F21-F18223A7CC26}.Debug|Mixed Platforms.Build.0 = Debug|Any CPU
		{29EEA01A-3FBC-45F3-9F21-F18223A7CC26}.Debug|Win32.ActiveCfg = Debug|Any CPU
		{29EEA01A-3FBC-45F3-9F21-F18223A7CC26}.Debug|x86.ActiveCfg = Debug|x86
		{29EEA01A-3FBC-45F3-9F21-F18223A7CC26}.Debug|x86.Build.0 = Debug|x86
		{29EEA01A-3FBC-45F3-9F21-F18223A7CC26}.Lite86|Any CPU.ActiveCfg = Lite86|Any CPU
		{29EEA01A-3FBC-45F3-9F21-F18223A7CC26}.Lite86|Any CPU.Build.0 = Lite86|Any CPU
		{29EEA01A-3FBC-45F3-9F21-F18223A7CC26}.Lite86|Mixed Platforms.ActiveCfg = Lite86|x86
		{29EEA01A-3FBC-45F3-9F21-F18223A7CC26}.Lite86|Mixed Platforms.Build.0 = Lite86|x86
		{29EEA01A-3FBC-45F3-9F21-F18223A7CC26}.Lite86|Win32.ActiveCfg = Lite86|x86
		{29EEA01A-3FBC-45F3-9F21-F18223A7CC26}.Lite86|Win32.Build.0 = Lite86|x86
		{29EEA01A-3FBC-45F3-9F21-F18223A7CC26}.Lite86|x86.ActiveCfg = Lite86|x86
		{29EEA01A-3FBC-45F3-9F21-F18223A7CC26}.Lite86|x86.Build.0 = Lite86|x86
		{29EEA01A-3FBC-45F3-9F21-F18223A7CC26}.Release|Any CPU.ActiveCfg = Release|Any CPU
		{29EEA01A-3FBC-45F3-9F21-F18223A7CC26}.Release|Mixed Platforms.ActiveCfg = Release|Any CPU
		{29EEA01A-3FBC-45F3-9F21-F18223A7CC26}.Release|Mixed Platforms.Build.0 = Release|Any CPU
		{29EEA01A-3FBC-45F3-9F21-F18223A7CC26}.Release|Win32.ActiveCfg = Release|x86
		{29EEA01A-3FBC-45F3-9F21-F18223A7CC26}.Release|x86.ActiveCfg = Release|x86
		{98DC924D-910C-4494-88E9-C5F2F6E90549}.Debug|Any CPU.ActiveCfg = Debug|Win32
		{98DC924D-910C-4494-88E9-C5F2F6E90549}.Debug|Mixed Platforms.ActiveCfg = Debug|Win32
		{98DC924D-910C-4494-88E9-C5F2F6E90549}.Debug|Mixed Platforms.Build.0 = Debug|Win32
		{98DC924D-910C-4494-88E9-C5F2F6E90549}.Debug|Win32.ActiveCfg = Debug|Win32
		{98DC924D-910C-4494-88E9-C5F2F6E90549}.Debug|x86.ActiveCfg = Debug|Win32
		{98DC924D-910C-4494-88E9-C5F2F6E90549}.Debug|x86.Build.0 = Debug|Win32
		{98DC924D-910C-4494-88E9-C5F2F6E90549}.Lite86|Any CPU.ActiveCfg = Lite86|Win32
		{98DC924D-910C-4494-88E9-C5F2F6E90549}.Lite86|Mixed Platforms.ActiveCfg = Lite86|Win32
		{98DC924D-910C-4494-88E9-C5F2F6E90549}.Lite86|Mixed Platforms.Build.0 = Lite86|Win32
		{98DC924D-910C-4494-88E9-C5F2F6E90549}.Lite86|Win32.ActiveCfg = Lite86|Win32
		{98DC924D-910C-4494-88E9-C5F2F6E90549}.Lite86|Win32.Build.0 = Lite86|Win32
		{98DC924D-910C-4494-88E9-C5F2F6E90549}.Lite86|x86.ActiveCfg = Lite86|Win32
		{98DC924D-910C-4494-88E9-C5F2F6E90549}.Lite86|x86.Build.0 = Lite86|Win32
		{98DC924D-910C-4494-88E9-C5F2F6E90549}.Release|Any CPU.ActiveCfg = Release|Win32
		{98DC924D-910C-4494-88E9-C5F2F6E90549}.Release|Mixed Platforms.ActiveCfg = Release|Win32
		{98DC924D-910C-4494-88E9-C5F2F6E90549}.Release|Mixed Platforms.Build.0 = Release|Win32
		{98DC924D-910C-4494-88E9-C5F2F6E90549}.Release|Win32.ActiveCfg = Release|Win32
		{98DC924D-910C-4494-88E9-C5F2F6E90549}.Release|x86.ActiveCfg = Release|Win32
		{98DC924D-910C-4494-88E9-C5F2F6E90549}.Release|x86.Build.0 = Release|Win32
		{B008E046-01EE-4647-A945-7EE7D1C906C4}.Debug|Any CPU.ActiveCfg = Debug|Any CPU
		{B008E046-01EE-4647-A945-7EE7D1C906C4}.Debug|Mixed Platforms.ActiveCfg = Debug|Any CPU
		{B008E046-01EE-4647-A945-7EE7D1C906C4}.Debug|Mixed Platforms.Build.0 = Debug|Any CPU
		{B008E046-01EE-4647-A945-7EE7D1C906C4}.Debug|Win32.ActiveCfg = Debug|Any CPU
		{B008E046-01EE-4647-A945-7EE7D1C906C4}.Debug|x86.ActiveCfg = Debug|x86
		{B008E046-01EE-4647-A945-7EE7D1C906C4}.Debug|x86.Build.0 = Debug|x86
		{B008E046-01EE-4647-A945-7EE7D1C906C4}.Lite86|Any CPU.ActiveCfg = Lite86|Any CPU
		{B008E046-01EE-4647-A945-7EE7D1C906C4}.Lite86|Any CPU.Build.0 = Lite86|Any CPU
		{B008E046-01EE-4647-A945-7EE7D1C906C4}.Lite86|Mixed Platforms.ActiveCfg = Lite86|x86
		{B008E046-01EE-4647-A945-7EE7D1C906C4}.Lite86|Mixed Platforms.Build.0 = Lite86|x86
		{B008E046-01EE-4647-A945-7EE7D1C906C4}.Lite86|Win32.ActiveCfg = Lite86|x86
		{B008E046-01EE-4647-A945-7EE7D1C906C4}.Lite86|Win32.Build.0 = Lite86|x86
		{B008E046-01EE-4647-A945-7EE7D1C906C4}.Lite86|x86.ActiveCfg = Lite86|x86
		{B008E046-01EE-4647-A945-7EE7D1C906C4}.Lite86|x86.Build.0 = Lite86|x86
		{B008E046-01EE-4647-A945-7EE7D1C906C4}.Release|Any CPU.ActiveCfg = Release|Any CPU
		{B008E046-01EE-4647-A945-7EE7D1C906C4}.Release|Mixed Platforms.ActiveCfg = Release|Any CPU
		{B008E046-01EE-4647-A945-7EE7D1C906C4}.Release|Mixed Platforms.Build.0 = Release|Any CPU
		{B008E046-01EE-4647-A945-7EE7D1C906C4}.Release|Win32.ActiveCfg = Release|x86
		{B008E046-01EE-4647-A945-7EE7D1C906C4}.Release|x86.ActiveCfg = Release|x86
		{0DF31350-4E7E-42E3-BA0A-E06F6333A550}.Debug|Any CPU.ActiveCfg = Debug|Any CPU
		{0DF31350-4E7E-42E3-BA0A-E06F6333A550}.Debug|Mixed Platforms.ActiveCfg = Debug|Any CPU
		{0DF31350-4E7E-42E3-BA0A-E06F6333A550}.Debug|Mixed Platforms.Build.0 = Debug|Any CPU
		{0DF31350-4E7E-42E3-BA0A-E06F6333A550}.Debug|Win32.ActiveCfg = Debug|Any CPU
		{0DF31350-4E7E-42E3-BA0A-E06F6333A550}.Debug|x86.ActiveCfg = Debug|x86
		{0DF31350-4E7E-42E3-BA0A-E06F6333A550}.Debug|x86.Build.0 = Debug|x86
		{0DF31350-4E7E-42E3-BA0A-E06F6333A550}.Lite86|Any CPU.ActiveCfg = Lite86|Any CPU
		{0DF31350-4E7E-42E3-BA0A-E06F6333A550}.Lite86|Any CPU.Build.0 = Lite86|Any CPU
		{0DF31350-4E7E-42E3-BA0A-E06F6333A550}.Lite86|Mixed Platforms.ActiveCfg = Lite86|x86
		{0DF31350-4E7E-42E3-BA0A-E06F6333A550}.Lite86|Mixed Platforms.Build.0 = Lite86|x86
		{0DF31350-4E7E-42E3-BA0A-E06F6333A550}.Lite86|Win32.ActiveCfg = Lite86|x86
		{0DF31350-4E7E-42E3-BA0A-E06F6333A550}.Lite86|Win32.Build.0 = Lite86|x86
		{0DF31350-4E7E-42E3-BA0A-E06F6333A550}.Lite86|x86.ActiveCfg = Lite86|x86
		{0DF31350-4E7E-42E3-BA0A-E06F6333A550}.Lite86|x86.Build.0 = Lite86|x86
		{0DF31350-4E7E-42E3-BA0A-E06F6333A550}.Release|Any CPU.ActiveCfg = Release|Any CPU
		{0DF31350-4E7E-42E3-BA0A-E06F6333A550}.Release|Mixed Platforms.ActiveCfg = Release|Any CPU
		{0DF31350-4E7E-42E3-BA0A-E06F6333A550}.Release|Mixed Platforms.Build.0 = Release|Any CPU
		{0DF31350-4E7E-42E3-BA0A-E06F6333A550}.Release|Win32.ActiveCfg = Release|x86
		{0DF31350-4E7E-42E3-BA0A-E06F6333A550}.Release|x86.ActiveCfg = Release|x86
		{F6DA6B31-A210-4039-BD9F-9FFD5BB046ED}.Debug|Any CPU.ActiveCfg = Debug|Win32
		{F6DA6B31-A210-4039-BD9F-9FFD5BB046ED}.Debug|Mixed Platforms.ActiveCfg = Debug|Win32
		{F6DA6B31-A210-4039-BD9F-9FFD5BB046ED}.Debug|Mixed Platforms.Build.0 = Debug|Win32
		{F6DA6B31-A210-4039-BD9F-9FFD5BB046ED}.Debug|Win32.ActiveCfg = Debug|Win32
		{F6DA6B31-A210-4039-BD9F-9FFD5BB046ED}.Debug|x86.ActiveCfg = Debug|Win32
		{F6DA6B31-A210-4039-BD9F-9FFD5BB046ED}.Debug|x86.Build.0 = Debug|Win32
		{F6DA6B31-A210-4039-BD9F-9FFD5BB046ED}.Lite86|Any CPU.ActiveCfg = Lite86|Win32
		{F6DA6B31-A210-4039-BD9F-9FFD5BB046ED}.Lite86|Mixed Platforms.ActiveCfg = Lite86|Win32
		{F6DA6B31-A210-4039-BD9F-9FFD5BB046ED}.Lite86|Mixed Platforms.Build.0 = Lite86|Win32
		{F6DA6B31-A210-4039-BD9F-9FFD5BB046ED}.Lite86|Win32.ActiveCfg = Lite86|Win32
		{F6DA6B31-A210-4039-BD9F-9FFD5BB046ED}.Lite86|Win32.Build.0 = Lite86|Win32
		{F6DA6B31-A210-4039-BD9F-9FFD5BB046ED}.Lite86|x86.ActiveCfg = Lite86|Win32
		{F6DA6B31-A210-4039-BD9F-9FFD5BB046ED}.Lite86|x86.Build.0 = Lite86|Win32
		{F6DA6B31-A210-4039-BD9F-9FFD5BB046ED}.Release|Any CPU.ActiveCfg = Release|Win32
		{F6DA6B31-A210-4039-BD9F-9FFD5BB046ED}.Release|Mixed Platforms.ActiveCfg = Release|Win32
		{F6DA6B31-A210-4039-BD9F-9FFD5BB046ED}.Release|Mixed Platforms.Build.0 = Release|Win32
		{F6DA6B31-A210-4039-BD9F-9FFD5BB046ED}.Release|Win32.ActiveCfg = Release|Win32
		{F6DA6B31-A210-4039-BD9F-9FFD5BB046ED}.Release|x86.ActiveCfg = Release|Win32
		{F6DA6B31-A210-4039-BD9F-9FFD5BB046ED}.Release|x86.Build.0 = Release|Win32
		{58AB1F5C-C942-4D70-BDBA-D79A63A009E4}.Debug|Any CPU.ActiveCfg = Debug|Any CPU
		{58AB1F5C-C942-4D70-BDBA-D79A63A009E4}.Debug|Mixed Platforms.ActiveCfg = Debug|Any CPU
		{58AB1F5C-C942-4D70-BDBA-D79A63A009E4}.Debug|Mixed Platforms.Build.0 = Debug|Any CPU
		{58AB1F5C-C942-4D70-BDBA-D79A63A009E4}.Debug|Win32.ActiveCfg = Debug|Any CPU
		{58AB1F5C-C942-4D70-BDBA-D79A63A009E4}.Debug|x86.ActiveCfg = Debug|x86
		{58AB1F5C-C942-4D70-BDBA-D79A63A009E4}.Debug|x86.Build.0 = Debug|x86
		{58AB1F5C-C942-4D70-BDBA-D79A63A009E4}.Lite86|Any CPU.ActiveCfg = Lite86|Any CPU
		{58AB1F5C-C942-4D70-BDBA-D79A63A009E4}.Lite86|Any CPU.Build.0 = Lite86|Any CPU
		{58AB1F5C-C942-4D70-BDBA-D79A63A009E4}.Lite86|Mixed Platforms.ActiveCfg = Lite86|x86
		{58AB1F5C-C942-4D70-BDBA-D79A63A009E4}.Lite86|Mixed Platforms.Build.0 = Lite86|x86
		{58AB1F5C-C942-4D70-BDBA-D79A63A009E4}.Lite86|Win32.ActiveCfg = Lite86|x86
		{58AB1F5C-C942-4D70-BDBA-D79A63A009E4}.Lite86|Win32.Build.0 = Lite86|x86
		{58AB1F5C-C942-4D70-BDBA-D79A63A009E4}.Lite86|x86.ActiveCfg = Lite86|x86
		{58AB1F5C-C942-4D70-BDBA-D79A63A009E4}.Lite86|x86.Build.0 = Lite86|x86
		{58AB1F5C-C942-4D70-BDBA-D79A63A009E4}.Release|Any CPU.ActiveCfg = Release|Any CPU
		{58AB1F5C-C942-4D70-BDBA-D79A63A009E4}.Release|Mixed Platforms.ActiveCfg = Release|Any CPU
		{58AB1F5C-C942-4D70-BDBA-D79A63A009E4}.Release|Mixed Platforms.Build.0 = Release|Any CPU
		{58AB1F5C-C942-4D70-BDBA-D79A63A009E4}.Release|Win32.ActiveCfg = Release|x86
		{58AB1F5C-C942-4D70-BDBA-D79A63A009E4}.Release|x86.ActiveCfg = Release|x86
		{CD89654D-02BC-4039-8FA2-627E70B98913}.Debug|Any CPU.ActiveCfg = Debug|Any CPU
		{CD89654D-02BC-4039-8FA2-627E70B98913}.Debug|Any CPU.Build.0 = Debug|Any CPU
		{CD89654D-02BC-4039-8FA2-627E70B98913}.Debug|Mixed Platforms.ActiveCfg = Debug|Any CPU
		{CD89654D-02BC-4039-8FA2-627E70B98913}.Debug|Mixed Platforms.Build.0 = Debug|Any CPU
		{CD89654D-02BC-4039-8FA2-627E70B98913}.Debug|Win32.ActiveCfg = Debug|Any CPU
		{CD89654D-02BC-4039-8FA2-627E70B98913}.Debug|x86.ActiveCfg = Debug|Any CPU
		{CD89654D-02BC-4039-8FA2-627E70B98913}.Lite86|Any CPU.ActiveCfg = Lite86|Any CPU
		{CD89654D-02BC-4039-8FA2-627E70B98913}.Lite86|Any CPU.Build.0 = Lite86|Any CPU
		{CD89654D-02BC-4039-8FA2-627E70B98913}.Lite86|Mixed Platforms.ActiveCfg = Lite86|x86
		{CD89654D-02BC-4039-8FA2-627E70B98913}.Lite86|Mixed Platforms.Build.0 = Lite86|x86
		{CD89654D-02BC-4039-8FA2-627E70B98913}.Lite86|Win32.ActiveCfg = Lite86|x86
		{CD89654D-02BC-4039-8FA2-627E70B98913}.Lite86|x86.ActiveCfg = Lite86|x86
		{CD89654D-02BC-4039-8FA2-627E70B98913}.Lite86|x86.Build.0 = Lite86|x86
		{CD89654D-02BC-4039-8FA2-627E70B98913}.Release|Any CPU.ActiveCfg = Release|Any CPU
		{CD89654D-02BC-4039-8FA2-627E70B98913}.Release|Any CPU.Build.0 = Release|Any CPU
		{CD89654D-02BC-4039-8FA2-627E70B98913}.Release|Mixed Platforms.ActiveCfg = Release|Any CPU
		{CD89654D-02BC-4039-8FA2-627E70B98913}.Release|Mixed Platforms.Build.0 = Release|Any CPU
		{CD89654D-02BC-4039-8FA2-627E70B98913}.Release|Win32.ActiveCfg = Release|Any CPU
		{CD89654D-02BC-4039-8FA2-627E70B98913}.Release|x86.ActiveCfg = Release|Any CPU
		{57182A86-37BD-4757-8BDC-A93A5C8AF3C3}.Debug|Any CPU.ActiveCfg = Debug|Any CPU
		{57182A86-37BD-4757-8BDC-A93A5C8AF3C3}.Debug|Any CPU.Build.0 = Debug|Any CPU
		{57182A86-37BD-4757-8BDC-A93A5C8AF3C3}.Debug|Mixed Platforms.ActiveCfg = Debug|Any CPU
		{57182A86-37BD-4757-8BDC-A93A5C8AF3C3}.Debug|Mixed Platforms.Build.0 = Debug|Any CPU
		{57182A86-37BD-4757-8BDC-A93A5C8AF3C3}.Debug|Win32.ActiveCfg = Debug|Any CPU
		{57182A86-37BD-4757-8BDC-A93A5C8AF3C3}.Debug|x86.ActiveCfg = Debug|Any CPU
		{57182A86-37BD-4757-8BDC-A93A5C8AF3C3}.Lite86|Any CPU.ActiveCfg = Lite86|Any CPU
		{57182A86-37BD-4757-8BDC-A93A5C8AF3C3}.Lite86|Any CPU.Build.0 = Lite86|Any CPU
		{57182A86-37BD-4757-8BDC-A93A5C8AF3C3}.Lite86|Mixed Platforms.ActiveCfg = Lite86|x86
		{57182A86-37BD-4757-8BDC-A93A5C8AF3C3}.Lite86|Mixed Platforms.Build.0 = Lite86|x86
		{57182A86-37BD-4757-8BDC-A93A5C8AF3C3}.Lite86|Win32.ActiveCfg = Lite86|x86
		{57182A86-37BD-4757-8BDC-A93A5C8AF3C3}.Lite86|x86.ActiveCfg = Lite86|x86
		{57182A86-37BD-4757-8BDC-A93A5C8AF3C3}.Lite86|x86.Build.0 = Lite86|x86
		{57182A86-37BD-4757-8BDC-A93A5C8AF3C3}.Release|Any CPU.ActiveCfg = Release|Any CPU
		{57182A86-37BD-4757-8BDC-A93A5C8AF3C3}.Release|Any CPU.Build.0 = Release|Any CPU
		{57182A86-37BD-4757-8BDC-A93A5C8AF3C3}.Release|Mixed Platforms.ActiveCfg = Release|Any CPU
		{57182A86-37BD-4757-8BDC-A93A5C8AF3C3}.Release|Mixed Platforms.Build.0 = Release|Any CPU
		{57182A86-37BD-4757-8BDC-A93A5C8AF3C3}.Release|Win32.ActiveCfg = Release|Any CPU
		{57182A86-37BD-4757-8BDC-A93A5C8AF3C3}.Release|x86.ActiveCfg = Release|Any CPU
		{BF8EC0E7-401D-45DE-B51A-FACDD1EE3DA3}.Debug|Any CPU.ActiveCfg = Debug|Any CPU
		{BF8EC0E7-401D-45DE-B51A-FACDD1EE3DA3}.Debug|Any CPU.Build.0 = Debug|Any CPU
		{BF8EC0E7-401D-45DE-B51A-FACDD1EE3DA3}.Debug|Mixed Platforms.ActiveCfg = Debug|Any CPU
		{BF8EC0E7-401D-45DE-B51A-FACDD1EE3DA3}.Debug|Mixed Platforms.Build.0 = Debug|Any CPU
		{BF8EC0E7-401D-45DE-B51A-FACDD1EE3DA3}.Debug|Win32.ActiveCfg = Debug|Any CPU
		{BF8EC0E7-401D-45DE-B51A-FACDD1EE3DA3}.Debug|x86.ActiveCfg = Debug|Any CPU
		{BF8EC0E7-401D-45DE-B51A-FACDD1EE3DA3}.Lite86|Any CPU.ActiveCfg = Release|Any CPU
		{BF8EC0E7-401D-45DE-B51A-FACDD1EE3DA3}.Lite86|Any CPU.Build.0 = Release|Any CPU
		{BF8EC0E7-401D-45DE-B51A-FACDD1EE3DA3}.Lite86|Mixed Platforms.ActiveCfg = Release|Any CPU
		{BF8EC0E7-401D-45DE-B51A-FACDD1EE3DA3}.Lite86|Mixed Platforms.Build.0 = Release|Any CPU
		{BF8EC0E7-401D-45DE-B51A-FACDD1EE3DA3}.Lite86|Win32.ActiveCfg = Release|Any CPU
		{BF8EC0E7-401D-45DE-B51A-FACDD1EE3DA3}.Lite86|x86.ActiveCfg = Release|Any CPU
		{BF8EC0E7-401D-45DE-B51A-FACDD1EE3DA3}.Release|Any CPU.ActiveCfg = Release|Any CPU
		{BF8EC0E7-401D-45DE-B51A-FACDD1EE3DA3}.Release|Any CPU.Build.0 = Release|Any CPU
		{BF8EC0E7-401D-45DE-B51A-FACDD1EE3DA3}.Release|Mixed Platforms.ActiveCfg = Release|Any CPU
		{BF8EC0E7-401D-45DE-B51A-FACDD1EE3DA3}.Release|Mixed Platforms.Build.0 = Release|Any CPU
		{BF8EC0E7-401D-45DE-B51A-FACDD1EE3DA3}.Release|Mixed Platforms.Deploy.0 = Release|Any CPU
		{BF8EC0E7-401D-45DE-B51A-FACDD1EE3DA3}.Release|Win32.ActiveCfg = Release|Any CPU
		{BF8EC0E7-401D-45DE-B51A-FACDD1EE3DA3}.Release|x86.ActiveCfg = Release|Any CPU
	EndGlobalSection
	GlobalSection(SolutionProperties) = preSolution
		HideSolutionNode = FALSE
	EndGlobalSection
EndGlobal
